<?xml version="1.0" encoding="utf-8"?>
<Project ToolsVersion="4.0" xmlns="http://schemas.microsoft.com/developer/msbuild/2003">
  <ItemGroup>
    <Filter Include="resource">
      <UniqueIdentifier>{67DA6AB6-F800-4c08-8B7A-83BB121AAD01}</UniqueIdentifier>
      <Extensions>rc;ico;cur;bmp;dlg;rc2;rct;bin;rgs;gif;jpg;jpeg;jpe;resx;tiff;tif;png;wav;mfcribbon-ms</Extensions>
    </Filter>
    <Filter Include="header">
      <UniqueIdentifier>{93995380-89BD-4b04-88EB-625FBE52EBFB}</UniqueIdentifier>
      <Extensions>h;hh;hpp;hxx;hm;inl;inc;ipp;xsd</Extensions>
    </Filter>
    <Filter Include="source">
      <UniqueIdentifier>{4FC737F1-C7A5-4376-A066-2A32D752A2FF}</UniqueIdentifier>
      <Extensions>cpp;c;cc;cxx;def;odl;idl;hpj;bat;asm;asmx</Extensions>
    </Filter>
    <Filter Include="header\render">
      <UniqueIdentifier>{8334c603-304e-41c2-8da8-ce5dfbf6c3a7}</UniqueIdentifier>
    </Filter>
    <Filter Include="header\window">
      <UniqueIdentifier>{61e7162f-d6ba-43a6-a147-a0c70417af6c}</UniqueIdentifier>
    </Filter>
    <Filter Include="header\base">
      <UniqueIdentifier>{8c21198d-9e2d-4c2f-8d69-cfe666d78076}</UniqueIdentifier>
    </Filter>
    <Filter Include="source\base">
      <UniqueIdentifier>{c38569fc-c494-4cd7-997e-c208d2c83e16}</UniqueIdentifier>
    </Filter>
    <Filter Include="source\render">
      <UniqueIdentifier>{f20fc932-aff0-4633-b5dd-797f3079f084}</UniqueIdentifier>
    </Filter>
    <Filter Include="source\window">
      <UniqueIdentifier>{a58d169d-a25f-42af-8e22-b3ee7914cc36}</UniqueIdentifier>
    </Filter>
    <Filter Include="header\ai">
      <UniqueIdentifier>{dbfe81b6-ea8c-43b6-b3f5-88d9fd998e88}</UniqueIdentifier>
    </Filter>
    <Filter Include="header\game tech">
      <UniqueIdentifier>{8e1a602f-bf88-4aaf-8555-d12467cbe816}</UniqueIdentifier>
    </Filter>
    <Filter Include="source\ai">
      <UniqueIdentifier>{81564f30-143b-4bf8-9e6f-56cd80cd8bcb}</UniqueIdentifier>
    </Filter>
    <Filter Include="source\game tech">
      <UniqueIdentifier>{ba6b3bf6-e1eb-4b50-83db-bae0d69e99c1}</UniqueIdentifier>
    </Filter>
  </ItemGroup>
  <ItemGroup>
    <ClCompile Include="main.cpp">
      <Filter>source</Filter>
    </ClCompile>
    <ClCompile Include="math.cpp">
      <Filter>source\base</Filter>
    </ClCompile>
    <ClCompile Include="clipper.cpp">
      <Filter>source\render</Filter>
    </ClCompile>
    <ClCompile Include="drawer.cpp">
      <Filter>source\render</Filter>
    </ClCompile>
    <ClCompile Include="mesh.cpp">
      <Filter>source\render</Filter>
    </ClCompile>
    <ClCompile Include="render_soft.cpp">
      <Filter>source\render</Filter>
    </ClCompile>
    <ClCompile Include="fps_counter.cpp">
      <Filter>source\window</Filter>
    </ClCompile>
    <ClCompile Include="surface_dx8.cpp">
      <Filter>source\window</Filter>
    </ClCompile>
    <ClCompile Include="noise_gen.cpp">
      <Filter>source\game tech</Filter>
    </ClCompile>
    <ClCompile Include="tilemap.cpp">
      <Filter>source\game tech</Filter>
    </ClCompile>
    <ClCompile Include="path_finding.cpp">
      <Filter>source\ai</Filter>
    </ClCompile>
    <ClCompile Include="window.cpp">
      <Filter>source\window</Filter>
    </ClCompile>
    <ClCompile Include="window_fc.cpp">
      <Filter>source\window</Filter>
    </ClCompile>
    <ClCompile Include="spline.cpp">
      <Filter>source\render</Filter>
    </ClCompile>
    <ClCompile Include="input.cpp">
      <Filter>source\window</Filter>
    </ClCompile>
    <ClCompile Include="transform.cpp">
      <Filter>source\render</Filter>
    </ClCompile>
    <ClCompile Include="color.cpp">
      <Filter>source\render</Filter>
    </ClCompile>
  </ItemGroup>
  <ItemGroup>
    <ClInclude Include="rehenz.h">
      <Filter>header</Filter>
    </ClInclude>
    <ClInclude Include="math.h">
      <Filter>header\base</Filter>
    </ClInclude>
    <ClInclude Include="type.h">
      <Filter>header\base</Filter>
    </ClInclude>
    <ClInclude Include="clipper.h">
      <Filter>header\render</Filter>
    </ClInclude>
    <ClInclude Include="drawer.h">
      <Filter>header\render</Filter>
    </ClInclude>
    <ClInclude Include="render_soft.h">
      <Filter>header\render</Filter>
    </ClInclude>
    <ClInclude Include="mesh.h">
      <Filter>header\render</Filter>
    </ClInclude>
    <ClInclude Include="fps_counter.h">
      <Filter>header\window</Filter>
    </ClInclude>
    <ClInclude Include="surface_dx8.h">
      <Filter>header\window</Filter>
    </ClInclude>
    <ClInclude Include="noise_gen.h">
      <Filter>header\game tech</Filter>
    </ClInclude>
    <ClInclude Include="path_finding.h">
      <Filter>header\ai</Filter>
    </ClInclude>
    <ClInclude Include="tilemap.h">
      <Filter>header\game tech</Filter>
    </ClInclude>
    <ClInclude Include="window.h">
      <Filter>header\window</Filter>
    </ClInclude>
    <ClInclude Include="window_fc.h">
      <Filter>header\window</Filter>
    </ClInclude>
    <ClInclude Include="input.h">
      <Filter>header\window</Filter>
    </ClInclude>
    <ClInclude Include="util.h">
      <Filter>header\base</Filter>
    </ClInclude>
    <ClInclude Include="spline.h">
      <Filter>header\render</Filter>
    </ClInclude>
    <ClInclude Include="hash.h">
      <Filter>header\base</Filter>
    </ClInclude>
    <ClInclude Include="transform.h">
      <Filter>header\render</Filter>
    </ClInclude>
    <ClInclude Include="color.h">
      <Filter>header\render</Filter>
    </ClInclude>
  </ItemGroup>
  <ItemGroup>
    <None Include="..\README.md" />
  </ItemGroup>
</Project>